
Microsoft Visual Studio Solution File, Format Version 11.00
# Visual Studio 2010
Project("{FAE04EC0-301F-11D3-BF4B-00C04F79EFBC}") = "Symplified.Auth", "Symplified.Auth\Symplified.Auth.csproj", "{07F01416-1141-4D72-8A13-BB77DF25E4CE}"
EndProject
Project("{FAE04EC0-301F-11D3-BF4B-00C04F79EFBC}") = "Symplified.Auth.iOS", "Symplified.Auth.iOS\Symplified.Auth.iOS.csproj", "{842950CE-E49A-4F6D-AC90-FCD5D908175B}"
EndProject
Project("{FAE04EC0-301F-11D3-BF4B-00C04F79EFBC}") = "Symplified.Auth.Android", "Symplified.Auth.Android\Symplified.Auth.Android.csproj", "{AE33DF0A-7811-43BD-B60E-817CF4BB226A}"
EndProject
Project("{FAE04EC0-301F-11D3-BF4B-00C04F79EFBC}") = "Xamarin.Auth", "lib\Xamarin.Auth\src\Xamarin.Auth\Xamarin.Auth.csproj", "{C9FF1919-78DD-4084-976D-BDABC0A7E80B}"
EndProject
Project("{FAE04EC0-301F-11D3-BF4B-00C04F79EFBC}") = "Xamarin.Auth.Android", "lib\Xamarin.Auth\src\Xamarin.Auth.Android\Xamarin.Auth.Android.csproj", "{FCF02C8C-6DD3-4C59-A8A2-58BC01A4BB21}"
EndProject
Project("{FAE04EC0-301F-11D3-BF4B-00C04F79EFBC}") = "Xamarin.Auth.iOS", "lib\Xamarin.Auth\src\Xamarin.Auth.iOS\Xamarin.Auth.iOS.csproj", "{9309BCCC-AA7B-4195-A130-D4572FA9488D}"
EndProject
Project("{FAE04EC0-301F-11D3-BF4B-00C04F79EFBC}") = "Symplified.Auth.iOS.Sample", "samples\Symplified.Auth.iOS.Sample\Symplified.Auth.iOS.Sample.csproj", "{9FC99112-BA74-4A89-8285-A31D612925CA}"
EndProject
Project("{FAE04EC0-301F-11D3-BF4B-00C04F79EFBC}") = "Xamarin.Auth Sample (iOS)", "lib\Xamarin.Auth\samples\Xamarin.Auth.Sample.iOS\Xamarin.Auth Sample (iOS).csproj", "{3653E844-23F0-4246-A953-CEB9BD9E3AE1}"
EndProject
Project("{FAE04EC0-301F-11D3-BF4B-00C04F79EFBC}") = "Symplified.Auth.Android.Sample", "samples\Symplified.Auth.Android.Sample\Symplified.Auth.Android.Sample.csproj", "{CFE86511-190A-461C-82C4-053064F6E555}"
EndProject
Project("{FAE04EC0-301F-11D3-BF4B-00C04F79EFBC}") = "Xamarin.Auth Sample (Android)", "lib\Xamarin.Auth\samples\Xamarin.Auth.Sample.Android\Xamarin.Auth Sample (Android).csproj", "{A0035902-A1F0-4613-A493-1B121FCA2BE1}"
EndProject
Global
	GlobalSection(SolutionConfigurationPlatforms) = preSolution
		Debug|Any CPU = Debug|Any CPU
		Release|Any CPU = Release|Any CPU
		Debug|iPhoneSimulator = Debug|iPhoneSimulator
		Release|iPhoneSimulator = Release|iPhoneSimulator
		Debug|iPhone = Debug|iPhone
		Release|iPhone = Release|iPhone
		Ad-Hoc|iPhone = Ad-Hoc|iPhone
		AppStore|iPhone = AppStore|iPhone
	EndGlobalSection
	GlobalSection(ProjectConfigurationPlatforms) = postSolution
		{07F01416-1141-4D72-8A13-BB77DF25E4CE}.Ad-Hoc|iPhone.ActiveCfg = Debug|Any CPU
		{07F01416-1141-4D72-8A13-BB77DF25E4CE}.Ad-Hoc|iPhone.Build.0 = Debug|Any CPU
		{07F01416-1141-4D72-8A13-BB77DF25E4CE}.AppStore|iPhone.ActiveCfg = Debug|Any CPU
		{07F01416-1141-4D72-8A13-BB77DF25E4CE}.AppStore|iPhone.Build.0 = Debug|Any CPU
		{07F01416-1141-4D72-8A13-BB77DF25E4CE}.Debug|Any CPU.ActiveCfg = Debug|Any CPU
		{07F01416-1141-4D72-8A13-BB77DF25E4CE}.Debug|Any CPU.Build.0 = Debug|Any CPU
		{07F01416-1141-4D72-8A13-BB77DF25E4CE}.Debug|iPhone.ActiveCfg = Debug|Any CPU
		{07F01416-1141-4D72-8A13-BB77DF25E4CE}.Debug|iPhone.Build.0 = Debug|Any CPU
		{07F01416-1141-4D72-8A13-BB77DF25E4CE}.Debug|iPhoneSimulator.ActiveCfg = Debug|Any CPU
		{07F01416-1141-4D72-8A13-BB77DF25E4CE}.Debug|iPhoneSimulator.Build.0 = Debug|Any CPU
		{07F01416-1141-4D72-8A13-BB77DF25E4CE}.Release|Any CPU.ActiveCfg = Release|Any CPU
		{07F01416-1141-4D72-8A13-BB77DF25E4CE}.Release|Any CPU.Build.0 = Release|Any CPU
		{07F01416-1141-4D72-8A13-BB77DF25E4CE}.Release|iPhone.ActiveCfg = Release|Any CPU
		{07F01416-1141-4D72-8A13-BB77DF25E4CE}.Release|iPhone.Build.0 = Release|Any CPU
		{07F01416-1141-4D72-8A13-BB77DF25E4CE}.Release|iPhoneSimulator.ActiveCfg = Release|Any CPU
		{07F01416-1141-4D72-8A13-BB77DF25E4CE}.Release|iPhoneSimulator.Build.0 = Release|Any CPU
		{3653E844-23F0-4246-A953-CEB9BD9E3AE1}.Ad-Hoc|iPhone.ActiveCfg = Ad-Hoc|iPhone
		{3653E844-23F0-4246-A953-CEB9BD9E3AE1}.Ad-Hoc|iPhone.Build.0 = Ad-Hoc|iPhone
		{3653E844-23F0-4246-A953-CEB9BD9E3AE1}.AppStore|iPhone.ActiveCfg = AppStore|iPhone
		{3653E844-23F0-4246-A953-CEB9BD9E3AE1}.AppStore|iPhone.Build.0 = AppStore|iPhone
		{3653E844-23F0-4246-A953-CEB9BD9E3AE1}.Debug|Any CPU.ActiveCfg = Debug|iPhoneSimulator
		{3653E844-23F0-4246-A953-CEB9BD9E3AE1}.Debug|Any CPU.Build.0 = Debug|iPhoneSimulator
		{3653E844-23F0-4246-A953-CEB9BD9E3AE1}.Debug|iPhone.ActiveCfg = Debug|iPhone
		{3653E844-23F0-4246-A953-CEB9BD9E3AE1}.Debug|iPhone.Build.0 = Debug|iPhone
		{3653E844-23F0-4246-A953-CEB9BD9E3AE1}.Debug|iPhoneSimulator.ActiveCfg = Debug|iPhoneSimulator
		{3653E844-23F0-4246-A953-CEB9BD9E3AE1}.Debug|iPhoneSimulator.Build.0 = Debug|iPhoneSimulator
		{3653E844-23F0-4246-A953-CEB9BD9E3AE1}.Release|Any CPU.ActiveCfg = Release|iPhoneSimulator
		{3653E844-23F0-4246-A953-CEB9BD9E3AE1}.Release|Any CPU.Build.0 = Release|iPhoneSimulator
		{3653E844-23F0-4246-A953-CEB9BD9E3AE1}.Release|iPhone.ActiveCfg = Release|iPhone
		{3653E844-23F0-4246-A953-CEB9BD9E3AE1}.Release|iPhone.Build.0 = Release|iPhone
		{3653E844-23F0-4246-A953-CEB9BD9E3AE1}.Release|iPhoneSimulator.ActiveCfg = Release|iPhoneSimulator
		{3653E844-23F0-4246-A953-CEB9BD9E3AE1}.Release|iPhoneSimulator.Build.0 = Release|iPhoneSimulator
		{842950CE-E49A-4F6D-AC90-FCD5D908175B}.Ad-Hoc|iPhone.ActiveCfg = Debug|Any CPU
		{842950CE-E49A-4F6D-AC90-FCD5D908175B}.Ad-Hoc|iPhone.Build.0 = Debug|Any CPU
		{842950CE-E49A-4F6D-AC90-FCD5D908175B}.AppStore|iPhone.ActiveCfg = Debug|Any CPU
		{842950CE-E49A-4F6D-AC90-FCD5D908175B}.AppStore|iPhone.Build.0 = Debug|Any CPU
		{842950CE-E49A-4F6D-AC90-FCD5D908175B}.Debug|Any CPU.ActiveCfg = Debug|Any CPU
		{842950CE-E49A-4F6D-AC90-FCD5D908175B}.Debug|Any CPU.Build.0 = Debug|Any CPU
		{842950CE-E49A-4F6D-AC90-FCD5D908175B}.Debug|iPhone.ActiveCfg = Debug|Any CPU
		{842950CE-E49A-4F6D-AC90-FCD5D908175B}.Debug|iPhone.Build.0 = Debug|Any CPU
		{842950CE-E49A-4F6D-AC90-FCD5D908175B}.Debug|iPhoneSimulator.ActiveCfg = Debug|Any CPU
		{842950CE-E49A-4F6D-AC90-FCD5D908175B}.Debug|iPhoneSimulator.Build.0 = Debug|Any CPU
		{842950CE-E49A-4F6D-AC90-FCD5D908175B}.Release|Any CPU.ActiveCfg = Release|Any CPU
		{842950CE-E49A-4F6D-AC90-FCD5D908175B}.Release|Any CPU.Build.0 = Release|Any CPU
		{842950CE-E49A-4F6D-AC90-FCD5D908175B}.Release|iPhone.ActiveCfg = Release|Any CPU
		{842950CE-E49A-4F6D-AC90-FCD5D908175B}.Release|iPhone.Build.0 = Release|Any CPU
		{842950CE-E49A-4F6D-AC90-FCD5D908175B}.Release|iPhoneSimulator.ActiveCfg = Release|Any CPU
		{842950CE-E49A-4F6D-AC90-FCD5D908175B}.Release|iPhoneSimulator.Build.0 = Release|Any CPU
		{9309BCCC-AA7B-4195-A130-D4572FA9488D}.Ad-Hoc|iPhone.ActiveCfg = Debug|Any CPU
		{9309BCCC-AA7B-4195-A130-D4572FA9488D}.Ad-Hoc|iPhone.Build.0 = Debug|Any CPU
		{9309BCCC-AA7B-4195-A130-D4572FA9488D}.AppStore|iPhone.ActiveCfg = Debug|Any CPU
		{9309BCCC-AA7B-4195-A130-D4572FA9488D}.AppStore|iPhone.Build.0 = Debug|Any CPU
		{9309BCCC-AA7B-4195-A130-D4572FA9488D}.Debug|Any CPU.ActiveCfg = Debug|Any CPU
		{9309BCCC-AA7B-4195-A130-D4572FA9488D}.Debug|Any CPU.Build.0 = Debug|Any CPU
		{9309BCCC-AA7B-4195-A130-D4572FA9488D}.Debug|iPhone.ActiveCfg = Debug|Any CPU
		{9309BCCC-AA7B-4195-A130-D4572FA9488D}.Debug|iPhone.Build.0 = Debug|Any CPU
		{9309BCCC-AA7B-4195-A130-D4572FA9488D}.Debug|iPhoneSimulator.ActiveCfg = Debug|Any CPU
		{9309BCCC-AA7B-4195-A130-D4572FA9488D}.Debug|iPhoneSimulator.Build.0 = Debug|Any CPU
		{9309BCCC-AA7B-4195-A130-D4572FA9488D}.Release|Any CPU.ActiveCfg = Release|Any CPU
		{9309BCCC-AA7B-4195-A130-D4572FA9488D}.Release|Any CPU.Build.0 = Release|Any CPU
		{9309BCCC-AA7B-4195-A130-D4572FA9488D}.Release|iPhone.ActiveCfg = Release|Any CPU
		{9309BCCC-AA7B-4195-A130-D4572FA9488D}.Release|iPhone.Build.0 = Release|Any CPU
		{9309BCCC-AA7B-4195-A130-D4572FA9488D}.Release|iPhoneSimulator.ActiveCfg = Release|Any CPU
		{9309BCCC-AA7B-4195-A130-D4572FA9488D}.Release|iPhoneSimulator.Build.0 = Release|Any CPU
		{9FC99112-BA74-4A89-8285-A31D612925CA}.Ad-Hoc|iPhone.ActiveCfg = Ad-Hoc|iPhone
		{9FC99112-BA74-4A89-8285-A31D612925CA}.Ad-Hoc|iPhone.Build.0 = Ad-Hoc|iPhone
		{9FC99112-BA74-4A89-8285-A31D612925CA}.AppStore|iPhone.ActiveCfg = AppStore|iPhone
		{9FC99112-BA74-4A89-8285-A31D612925CA}.AppStore|iPhone.Build.0 = AppStore|iPhone
		{9FC99112-BA74-4A89-8285-A31D612925CA}.Debug|Any CPU.ActiveCfg = Debug|iPhoneSimulator
		{9FC99112-BA74-4A89-8285-A31D612925CA}.Debug|Any CPU.Build.0 = Debug|iPhoneSimulator
		{9FC99112-BA74-4A89-8285-A31D612925CA}.Debug|iPhone.ActiveCfg = Debug|iPhone
		{9FC99112-BA74-4A89-8285-A31D612925CA}.Debug|iPhone.Build.0 = Debug|iPhone
		{9FC99112-BA74-4A89-8285-A31D612925CA}.Debug|iPhoneSimulator.ActiveCfg = Debug|iPhoneSimulator
		{9FC99112-BA74-4A89-8285-A31D612925CA}.Debug|iPhoneSimulator.Build.0 = Debug|iPhoneSimulator
		{9FC99112-BA74-4A89-8285-A31D612925CA}.Release|Any CPU.ActiveCfg = Release|iPhoneSimulator
		{9FC99112-BA74-4A89-8285-A31D612925CA}.Release|Any CPU.Build.0 = Release|iPhoneSimulator
		{9FC99112-BA74-4A89-8285-A31D612925CA}.Release|iPhone.ActiveCfg = Release|iPhone
		{9FC99112-BA74-4A89-8285-A31D612925CA}.Release|iPhone.Build.0 = Release|iPhone
		{9FC99112-BA74-4A89-8285-A31D612925CA}.Release|iPhoneSimulator.ActiveCfg = Release|iPhoneSimulator
		{9FC99112-BA74-4A89-8285-A31D612925CA}.Release|iPhoneSimulator.Build.0 = Release|iPhoneSimulator
		{A0035902-A1F0-4613-A493-1B121FCA2BE1}.Ad-Hoc|iPhone.ActiveCfg = Release|Any CPU
		{A0035902-A1F0-4613-A493-1B121FCA2BE1}.Ad-Hoc|iPhone.Build.0 = Release|Any CPU
		{A0035902-A1F0-4613-A493-1B121FCA2BE1}.AppStore|iPhone.ActiveCfg = Release|Any CPU
		{A0035902-A1F0-4613-A493-1B121FCA2BE1}.AppStore|iPhone.Build.0 = Release|Any CPU
		{A0035902-A1F0-4613-A493-1B121FCA2BE1}.Debug|Any CPU.ActiveCfg = Debug|Any CPU
		{A0035902-A1F0-4613-A493-1B121FCA2BE1}.Debug|Any CPU.Build.0 = Debug|Any CPU
		{A0035902-A1F0-4613-A493-1B121FCA2BE1}.Debug|iPhone.ActiveCfg = Debug|Any CPU
		{A0035902-A1F0-4613-A493-1B121FCA2BE1}.Debug|iPhone.Build.0 = Debug|Any CPU
		{A0035902-A1F0-4613-A493-1B121FCA2BE1}.Debug|iPhoneSimulator.ActiveCfg = Debug|Any CPU
		{A0035902-A1F0-4613-A493-1B121FCA2BE1}.Debug|iPhoneSimulator.Build.0 = Debug|Any CPU
		{A0035902-A1F0-4613-A493-1B121FCA2BE1}.Release|Any CPU.ActiveCfg = Release|Any CPU
		{A0035902-A1F0-4613-A493-1B121FCA2BE1}.Release|Any CPU.Build.0 = Release|Any CPU
		{A0035902-A1F0-4613-A493-1B121FCA2BE1}.Release|iPhone.ActiveCfg = Release|Any CPU
		{A0035902-A1F0-4613-A493-1B121FCA2BE1}.Release|iPhone.Build.0 = Release|Any CPU
		{A0035902-A1F0-4613-A493-1B121FCA2BE1}.Release|iPhoneSimulator.ActiveCfg = Release|Any CPU
		{A0035902-A1F0-4613-A493-1B121FCA2BE1}.Release|iPhoneSimulator.Build.0 = Release|Any CPU
		{AE33DF0A-7811-43BD-B60E-817CF4BB226A}.Ad-Hoc|iPhone.ActiveCfg = Debug|Any CPU
		{AE33DF0A-7811-43BD-B60E-817CF4BB226A}.Ad-Hoc|iPhone.Build.0 = Debug|Any CPU
		{AE33DF0A-7811-43BD-B60E-817CF4BB226A}.AppStore|iPhone.ActiveCfg = Debug|Any CPU
		{AE33DF0A-7811-43BD-B60E-817CF4BB226A}.AppStore|iPhone.Build.0 = Debug|Any CPU
		{AE33DF0A-7811-43BD-B60E-817CF4BB226A}.Debug|Any CPU.ActiveCfg = Debug|Any CPU
		{AE33DF0A-7811-43BD-B60E-817CF4BB226A}.Debug|Any CPU.Build.0 = Debug|Any CPU
		{AE33DF0A-7811-43BD-B60E-817CF4BB226A}.Debug|iPhone.ActiveCfg = Debug|Any CPU
		{AE33DF0A-7811-43BD-B60E-817CF4BB226A}.Debug|iPhone.Build.0 = Debug|Any CPU
		{AE33DF0A-7811-43BD-B60E-817CF4BB226A}.Debug|iPhoneSimulator.ActiveCfg = Debug|Any CPU
		{AE33DF0A-7811-43BD-B60E-817CF4BB226A}.Debug|iPhoneSimulator.Build.0 = Debug|Any CPU
		{AE33DF0A-7811-43BD-B60E-817CF4BB226A}.Release|Any CPU.ActiveCfg = Release|Any CPU
		{AE33DF0A-7811-43BD-B60E-817CF4BB226A}.Release|Any CPU.Build.0 = Release|Any CPU
		{AE33DF0A-7811-43BD-B60E-817CF4BB226A}.Release|iPhone.ActiveCfg = Release|Any CPU
		{AE33DF0A-7811-43BD-B60E-817CF4BB226A}.Release|iPhone.Build.0 = Release|Any CPU
		{AE33DF0A-7811-43BD-B60E-817CF4BB226A}.Release|iPhoneSimulator.ActiveCfg = Release|Any CPU
		{AE33DF0A-7811-43BD-B60E-817CF4BB226A}.Release|iPhoneSimulator.Build.0 = Release|Any CPU
		{C9FF1919-78DD-4084-976D-BDABC0A7E80B}.Ad-Hoc|iPhone.ActiveCfg = Debug|Any CPU
		{C9FF1919-78DD-4084-976D-BDABC0A7E80B}.Ad-Hoc|iPhone.Build.0 = Debug|Any CPU
		{C9FF1919-78DD-4084-976D-BDABC0A7E80B}.AppStore|iPhone.ActiveCfg = Debug|Any CPU
		{C9FF1919-78DD-4084-976D-BDABC0A7E80B}.AppStore|iPhone.Build.0 = Debug|Any CPU
		{C9FF1919-78DD-4084-976D-BDABC0A7E80B}.Debug|Any CPU.ActiveCfg = Debug|Any CPU
		{C9FF1919-78DD-4084-976D-BDABC0A7E80B}.Debug|Any CPU.Build.0 = Debug|Any CPU
		{C9FF1919-78DD-4084-976D-BDABC0A7E80B}.Debug|iPhone.ActiveCfg = Debug|Any CPU
		{C9FF1919-78DD-4084-976D-BDABC0A7E80B}.Debug|iPhone.Build.0 = Debug|Any CPU
		{C9FF1919-78DD-4084-976D-BDABC0A7E80B}.Debug|iPhoneSimulator.ActiveCfg = Debug|Any CPU
		{C9FF1919-78DD-4084-976D-BDABC0A7E80B}.Debug|iPhoneSimulator.Build.0 = Debug|Any CPU
		{C9FF1919-78DD-4084-976D-BDABC0A7E80B}.Release|Any CPU.ActiveCfg = Release|Any CPU
		{C9FF1919-78DD-4084-976D-BDABC0A7E80B}.Release|Any CPU.Build.0 = Release|Any CPU
		{C9FF1919-78DD-4084-976D-BDABC0A7E80B}.Release|iPhone.ActiveCfg = Release|Any CPU
		{C9FF1919-78DD-4084-976D-BDABC0A7E80B}.Release|iPhone.Build.0 = Release|Any CPU
		{C9FF1919-78DD-4084-976D-BDABC0A7E80B}.Release|iPhoneSimulator.ActiveCfg = Release|Any CPU
		{C9FF1919-78DD-4084-976D-BDABC0A7E80B}.Release|iPhoneSimulator.Build.0 = Release|Any CPU
		{CFE86511-190A-461C-82C4-053064F6E555}.Ad-Hoc|iPhone.ActiveCfg = Release|Any CPU
		{CFE86511-190A-461C-82C4-053064F6E555}.Ad-Hoc|iPhone.Build.0 = Release|Any CPU
		{CFE86511-190A-461C-82C4-053064F6E555}.AppStore|iPhone.ActiveCfg = Release|Any CPU
		{CFE86511-190A-461C-82C4-053064F6E555}.AppStore|iPhone.Build.0 = Release|Any CPU
		{CFE86511-190A-461C-82C4-053064F6E555}.Debug|Any CPU.ActiveCfg = Debug|Any CPU
		{CFE86511-190A-461C-82C4-053064F6E555}.Debug|Any CPU.Build.0 = Debug|Any CPU
		{CFE86511-190A-461C-82C4-053064F6E555}.Debug|iPhone.ActiveCfg = Debug|Any CPU
		{CFE86511-190A-461C-82C4-053064F6E555}.Debug|iPhone.Build.0 = Debug|Any CPU
		{CFE86511-190A-461C-82C4-053064F6E555}.Debug|iPhoneSimulator.ActiveCfg = Debug|Any CPU
		{CFE86511-190A-461C-82C4-053064F6E555}.Debug|iPhoneSimulator.Build.0 = Debug|Any CPU
		{CFE86511-190A-461C-82C4-053064F6E555}.Release|Any CPU.ActiveCfg = Release|Any CPU
		{CFE86511-190A-461C-82C4-053064F6E555}.Release|Any CPU.Build.0 = Release|Any CPU
		{CFE86511-190A-461C-82C4-053064F6E555}.Release|iPhone.ActiveCfg = Release|Any CPU
		{CFE86511-190A-461C-82C4-053064F6E555}.Release|iPhone.Build.0 = Release|Any CPU
		{CFE86511-190A-461C-82C4-053064F6E555}.Release|iPhoneSimulator.ActiveCfg = Release|Any CPU
		{CFE86511-190A-461C-82C4-053064F6E555}.Release|iPhoneSimulator.Build.0 = Release|Any CPU
		{FCF02C8C-6DD3-4C59-A8A2-58BC01A4BB21}.Ad-Hoc|iPhone.ActiveCfg = Debug|Any CPU
		{FCF02C8C-6DD3-4C59-A8A2-58BC01A4BB21}.Ad-Hoc|iPhone.Build.0 = Debug|Any CPU
		{FCF02C8C-6DD3-4C59-A8A2-58BC01A4BB21}.AppStore|iPhone.ActiveCfg = Debug|Any CPU
		{FCF02C8C-6DD3-4C59-A8A2-58BC01A4BB21}.AppStore|iPhone.Build.0 = Debug|Any CPU
		{FCF02C8C-6DD3-4C59-A8A2-58BC01A4BB21}.Debug|Any CPU.ActiveCfg = Debug|Any CPU
		{FCF02C8C-6DD3-4C59-A8A2-58BC01A4BB21}.Debug|Any CPU.Build.0 = Debug|Any CPU
		{FCF02C8C-6DD3-4C59-A8A2-58BC01A4BB21}.Debug|iPhone.ActiveCfg = Debug|Any CPU
		{FCF02C8C-6DD3-4C59-A8A2-58BC01A4BB21}.Debug|iPhone.Build.0 = Debug|Any CPU
		{FCF02C8C-6DD3-4C59-A8A2-58BC01A4BB21}.Debug|iPhoneSimulator.ActiveCfg = Debug|Any CPU
		{FCF02C8C-6DD3-4C59-A8A2-58BC01A4BB21}.Debug|iPhoneSimulator.Build.0 = Debug|Any CPU
		{FCF02C8C-6DD3-4C59-A8A2-58BC01A4BB21}.Release|Any CPU.ActiveCfg = Release|Any CPU
		{FCF02C8C-6DD3-4C59-A8A2-58BC01A4BB21}.Release|Any CPU.Build.0 = Release|Any CPU
		{FCF02C8C-6DD3-4C59-A8A2-58BC01A4BB21}.Release|iPhone.ActiveCfg = Release|Any CPU
		{FCF02C8C-6DD3-4C59-A8A2-58BC01A4BB21}.Release|iPhone.Build.0 = Release|Any CPU
		{FCF02C8C-6DD3-4C59-A8A2-58BC01A4BB21}.Release|iPhoneSimulator.ActiveCfg = Release|Any CPU
		{FCF02C8C-6DD3-4C59-A8A2-58BC01A4BB21}.Release|iPhoneSimulator.Build.0 = Release|Any CPU
	EndGlobalSection
	GlobalSection(MonoDevelopProperties) = preSolution
		StartupItem = samples\Symplified.Auth.Android.Sample\Symplified.Auth.Android.Sample.csproj
		version = 1.0
	EndGlobalSection
EndGlobal
